// !$*UTF8*$!
{
	archiveVersion = 1;
	classes = {
	};
	objectVersion = 55;
	objects = {

/* Begin PBXBuildFile section */
		C1106B54282115A800252BC2 /* Tab.swift in Sources */ = {isa = PBXBuildFile; fileRef = C1106B53282115A800252BC2 /* Tab.swift */; };
		C17D0ECE281FA27C00E83B82 /* SharedScheduleApp.swift in Sources */ = {isa = PBXBuildFile; fileRef = C17D0ECD281FA27C00E83B82 /* SharedScheduleApp.swift */; };
		C17D0ED0281FA27C00E83B82 /* BaseView.swift in Sources */ = {isa = PBXBuildFile; fileRef = C17D0ECF281FA27C00E83B82 /* BaseView.swift */; };
		C17D0ED2281FA28000E83B82 /* Assets.xcassets in Resources */ = {isa = PBXBuildFile; fileRef = C17D0ED1281FA28000E83B82 /* Assets.xcassets */; };
		C17D0ED5281FA28000E83B82 /* Preview Assets.xcassets in Resources */ = {isa = PBXBuildFile; fileRef = C17D0ED4281FA28000E83B82 /* Preview Assets.xcassets */; };
		C17D0EE4281FA28000E83B82 /* SharedScheduleTests.swift in Sources */ = {isa = PBXBuildFile; fileRef = C17D0EE3281FA28000E83B82 /* SharedScheduleTests.swift */; };
		C17D0EEE281FA28000E83B82 /* SharedScheduleUITests.swift in Sources */ = {isa = PBXBuildFile; fileRef = C17D0EED281FA28000E83B82 /* SharedScheduleUITests.swift */; };
		C17D0EF0281FA28000E83B82 /* SharedScheduleUITestsLaunchTests.swift in Sources */ = {isa = PBXBuildFile; fileRef = C17D0EEF281FA28000E83B82 /* SharedScheduleUITestsLaunchTests.swift */; };
		C17D0F3C281FBA6C00E83B82 /* ScheduleView.swift in Sources */ = {isa = PBXBuildFile; fileRef = C17D0F3B281FBA6C00E83B82 /* ScheduleView.swift */; };
		C17D0F3E281FBA8F00E83B82 /* ProfileView.swift in Sources */ = {isa = PBXBuildFile; fileRef = C17D0F3D281FBA8F00E83B82 /* ProfileView.swift */; };
/* End PBXBuildFile section */

/* Begin PBXContainerItemProxy section */
		C17D0EE0281FA28000E83B82 /* PBXContainerItemProxy */ = {
			isa = PBXContainerItemProxy;
			containerPortal = C17D0EC2281FA27C00E83B82 /* Project object */;
			proxyType = 1;
			remoteGlobalIDString = C17D0EC9281FA27C00E83B82;
			remoteInfo = SharedSchedule;
		};
		C17D0EEA281FA28000E83B82 /* PBXContainerItemProxy */ = {
			isa = PBXContainerItemProxy;
			containerPortal = C17D0EC2281FA27C00E83B82 /* Project object */;
			proxyType = 1;
			remoteGlobalIDString = C17D0EC9281FA27C00E83B82;
			remoteInfo = SharedSchedule;
		};
/* End PBXContainerItemProxy section */

/* Begin PBXFileReference section */
		C1106B53282115A800252BC2 /* Tab.swift */ = {isa = PBXFileReference; lastKnownFileType = sourcecode.swift; path = Tab.swift; sourceTree = "<group>"; };
		C17D0ECA281FA27C00E83B82 /* SharedSchedule.app */ = {isa = PBXFileReference; explicitFileType = wrapper.application; includeInIndex = 0; path = SharedSchedule.app; sourceTree = BUILT_PRODUCTS_DIR; };
		C17D0ECD281FA27C00E83B82 /* SharedScheduleApp.swift */ = {isa = PBXFileReference; lastKnownFileType = sourcecode.swift; path = SharedScheduleApp.swift; sourceTree = "<group>"; };
		C17D0ECF281FA27C00E83B82 /* BaseView.swift */ = {isa = PBXFileReference; lastKnownFileType = sourcecode.swift; path = BaseView.swift; sourceTree = "<group>"; };
		C17D0ED1281FA28000E83B82 /* Assets.xcassets */ = {isa = PBXFileReference; lastKnownFileType = folder.assetcatalog; path = Assets.xcassets; sourceTree = "<group>"; };
		C17D0ED4281FA28000E83B82 /* Preview Assets.xcassets */ = {isa = PBXFileReference; lastKnownFileType = folder.assetcatalog; path = "Preview Assets.xcassets"; sourceTree = "<group>"; };
		C17D0EDF281FA28000E83B82 /* SharedScheduleTests.xctest */ = {isa = PBXFileReference; explicitFileType = wrapper.cfbundle; includeInIndex = 0; path = SharedScheduleTests.xctest; sourceTree = BUILT_PRODUCTS_DIR; };
		C17D0EE3281FA28000E83B82 /* SharedScheduleTests.swift */ = {isa = PBXFileReference; lastKnownFileType = sourcecode.swift; path = SharedScheduleTests.swift; sourceTree = "<group>"; };
		C17D0EE9281FA28000E83B82 /* SharedScheduleUITests.xctest */ = {isa = PBXFileReference; explicitFileType = wrapper.cfbundle; includeInIndex = 0; path = SharedScheduleUITests.xctest; sourceTree = BUILT_PRODUCTS_DIR; };
		C17D0EED281FA28000E83B82 /* SharedScheduleUITests.swift */ = {isa = PBXFileReference; lastKnownFileType = sourcecode.swift; path = SharedScheduleUITests.swift; sourceTree = "<group>"; };
		C17D0EEF281FA28000E83B82 /* SharedScheduleUITestsLaunchTests.swift */ = {isa = PBXFileReference; lastKnownFileType = sourcecode.swift; path = SharedScheduleUITestsLaunchTests.swift; sourceTree = "<group>"; };
		C17D0F3B281FBA6C00E83B82 /* ScheduleView.swift */ = {isa = PBXFileReference; lastKnownFileType = sourcecode.swift; path = ScheduleView.swift; sourceTree = "<group>"; };
		C17D0F3D281FBA8F00E83B82 /* ProfileView.swift */ = {isa = PBXFileReference; lastKnownFileType = sourcecode.swift; path = ProfileView.swift; sourceTree = "<group>"; };
/* End PBXFileReference section */

/* Begin PBXFrameworksBuildPhase section */
		C17D0EC7281FA27C00E83B82 /* Frameworks */ = {
			isa = PBXFrameworksBuildPhase;
			buildActionMask = 2147483647;
			files = (
			);
			runOnlyForDeploymentPostprocessing = 0;
		};
		C17D0EDC281FA28000E83B82 /* Frameworks */ = {
			isa = PBXFrameworksBuildPhase;
			buildActionMask = 2147483647;
			files = (
			);
			runOnlyForDeploymentPostprocessing = 0;
		};
		C17D0EE6281FA28000E83B82 /* Frameworks */ = {
			isa = PBXFrameworksBuildPhase;
			buildActionMask = 2147483647;
			files = (
			);
			runOnlyForDeploymentPostprocessing = 0;
		};
/* End PBXFrameworksBuildPhase section */

/* Begin PBXGroup section */
		C1106B522820FBCE00252BC2 /* Views */ = {
			isa = PBXGroup;
			children = (
				C17D0ECF281FA27C00E83B82 /* BaseView.swift */,
				C17D0F3B281FBA6C00E83B82 /* ScheduleView.swift */,
				C17D0F3D281FBA8F00E83B82 /* ProfileView.swift */,
			);
			path = Views;
			sourceTree = "<group>";
		};
		C17D0EC1281FA27C00E83B82 = {
			isa = PBXGroup;
			children = (
				C17D0ECC281FA27C00E83B82 /* SharedSchedule */,
				C17D0EE2281FA28000E83B82 /* SharedScheduleTests */,
				C17D0EEC281FA28000E83B82 /* SharedScheduleUITests */,
				C17D0ECB281FA27C00E83B82 /* Products */,
			);
			sourceTree = "<group>";
		};
		C17D0ECB281FA27C00E83B82 /* Products */ = {
			isa = PBXGroup;
			children = (
				C17D0ECA281FA27C00E83B82 /* SharedSchedule.app */,
				C17D0EDF281FA28000E83B82 /* SharedScheduleTests.xctest */,
				C17D0EE9281FA28000E83B82 /* SharedScheduleUITests.xctest */,
			);
			name = Products;
			sourceTree = "<group>";
		};
		C17D0ECC281FA27C00E83B82 /* SharedSchedule */ = {
			isa = PBXGroup;
			children = (
				C17D0ED1281FA28000E83B82 /* Assets.xcassets */,
				C17D0ECD281FA27C00E83B82 /* SharedScheduleApp.swift */,
				C1106B53282115A800252BC2 /* Tab.swift */,
				C1106B522820FBCE00252BC2 /* Views */,
				C17D0ED3281FA28000E83B82 /* Preview Content */,
			);
			path = SharedSchedule;
			sourceTree = "<group>";
		};
		C17D0ED3281FA28000E83B82 /* Preview Content */ = {
			isa = PBXGroup;
			children = (
				C17D0ED4281FA28000E83B82 /* Preview Assets.xcassets */,
			);
			path = "Preview Content";
			sourceTree = "<group>";
		};
		C17D0EE2281FA28000E83B82 /* SharedScheduleTests */ = {
			isa = PBXGroup;
			children = (
				C17D0EE3281FA28000E83B82 /* SharedScheduleTests.swift */,
			);
			path = SharedScheduleTests;
			sourceTree = "<group>";
		};
		C17D0EEC281FA28000E83B82 /* SharedScheduleUITests */ = {
			isa = PBXGroup;
			children = (
				C17D0EED281FA28000E83B82 /* SharedScheduleUITests.swift */,
				C17D0EEF281FA28000E83B82 /* SharedScheduleUITestsLaunchTests.swift */,
			);
			path = SharedScheduleUITests;
			sourceTree = "<group>";
		};
/* End PBXGroup section */

/* Begin PBXNativeTarget section */
		C17D0EC9281FA27C00E83B82 /* SharedSchedule */ = {
			isa = PBXNativeTarget;
			buildConfigurationList = C17D0EF3281FA28000E83B82 /* Build configuration list for PBXNativeTarget "SharedSchedule" */;
			buildPhases = (
				C17D0EC6281FA27C00E83B82 /* Sources */,
				C17D0EC7281FA27C00E83B82 /* Frameworks */,
				C17D0EC8281FA27C00E83B82 /* Resources */,
			);
			buildRules = (
			);
			dependencies = (
			);
			name = SharedSchedule;
			productName = SharedSchedule;
			productReference = C17D0ECA281FA27C00E83B82 /* SharedSchedule.app */;
			productType = "com.apple.product-type.application";
		};
		C17D0EDE281FA28000E83B82 /* SharedScheduleTests */ = {
			isa = PBXNativeTarget;
			buildConfigurationList = C17D0EF6281FA28000E83B82 /* Build configuration list for PBXNativeTarget "SharedScheduleTests" */;
			buildPhases = (
				C17D0EDB281FA28000E83B82 /* Sources */,
				C17D0EDC281FA28000E83B82 /* Frameworks */,
				C17D0EDD281FA28000E83B82 /* Resources */,
			);
			buildRules = (
			);
			dependencies = (
				C17D0EE1281FA28000E83B82 /* PBXTargetDependency */,
			);
			name = SharedScheduleTests;
			productName = SharedScheduleTests;
			productReference = C17D0EDF281FA28000E83B82 /* SharedScheduleTests.xctest */;
			productType = "com.apple.product-type.bundle.unit-test";
		};
		C17D0EE8281FA28000E83B82 /* SharedScheduleUITests */ = {
			isa = PBXNativeTarget;
			buildConfigurationList = C17D0EF9281FA28000E83B82 /* Build configuration list for PBXNativeTarget "SharedScheduleUITests" */;
			buildPhases = (
				C17D0EE5281FA28000E83B82 /* Sources */,
				C17D0EE6281FA28000E83B82 /* Frameworks */,
				C17D0EE7281FA28000E83B82 /* Resources */,
			);
			buildRules = (
			);
			dependencies = (
				C17D0EEB281FA28000E83B82 /* PBXTargetDependency */,
			);
			name = SharedScheduleUITests;
			productName = SharedScheduleUITests;
			productReference = C17D0EE9281FA28000E83B82 /* SharedScheduleUITests.xctest */;
			productType = "com.apple.product-type.bundle.ui-testing";
		};
/* End PBXNativeTarget section */

/* Begin PBXProject section */
		C17D0EC2281FA27C00E83B82 /* Project object */ = {
			isa = PBXProject;
			attributes = {
				BuildIndependentTargetsInParallel = 1;
				LastSwiftUpdateCheck = 1330;
				LastUpgradeCheck = 1330;
				TargetAttributes = {
					C17D0EC9281FA27C00E83B82 = {
						CreatedOnToolsVersion = 13.3.1;
					};
					C17D0EDE281FA28000E83B82 = {
						CreatedOnToolsVersion = 13.3.1;
						TestTargetID = C17D0EC9281FA27C00E83B82;
					};
					C17D0EE8281FA28000E83B82 = {
						CreatedOnToolsVersion = 13.3.1;
						TestTargetID = C17D0EC9281FA27C00E83B82;
					};
				};
			};
			buildConfigurationList = C17D0EC5281FA27C00E83B82 /* Build configuration list for PBXProject "SharedSchedule" */;
			compatibilityVersion = "Xcode 13.0";
			developmentRegion = en;
			hasScannedForEncodings = 0;
			knownRegions = (
				en,
				Base,
			);
			mainGroup = C17D0EC1281FA27C00E83B82;
			productRefGroup = C17D0ECB281FA27C00E83B82 /* Products */;
			projectDirPath = "";
			projectRoot = "";
			targets = (
				C17D0EC9281FA27C00E83B82 /* SharedSchedule */,
				C17D0EDE281FA28000E83B82 /* SharedScheduleTests */,
				C17D0EE8281FA28000E83B82 /* SharedScheduleUITests */,
			);
		};
/* End PBXProject section */

/* Begin PBXResourcesBuildPhase section */
		C17D0EC8281FA27C00E83B82 /* Resources */ = {
			isa = PBXResourcesBuildPhase;
			buildActionMask = 2147483647;
			files = (
				C17D0ED5281FA28000E83B82 /* Preview Assets.xcassets in Resources */,
				C17D0ED2281FA28000E83B82 /* Assets.xcassets in Resources */,
			);
			runOnlyForDeploymentPostprocessing = 0;
		};
		C17D0EDD281FA28000E83B82 /* Resources */ = {
			isa = PBXResourcesBuildPhase;
			buildActionMask = 2147483647;
			files = (
			);
			runOnlyForDeploymentPostprocessing = 0;
		};
		C17D0EE7281FA28000E83B82 /* Resources */ = {
			isa = PBXResourcesBuildPhase;
			buildActionMask = 2147483647;
			files = (
			);
			runOnlyForDeploymentPostprocessing = 0;
		};
/* End PBXResourcesBuildPhase section */

/* Begin PBXSourcesBuildPhase section */
		C17D0EC6281FA27C00E83B82 /* Sources */ = {
			isa = PBXSourcesBuildPhase;
			buildActionMask = 2147483647;
			files = (
				C17D0F3E281FBA8F00E83B82 /* ProfileView.swift in Sources */,
				C17D0ED0281FA27C00E83B82 /* BaseView.swift in Sources */,
				C1106B54282115A800252BC2 /* Tab.swift in Sources */,
				C17D0ECE281FA27C00E83B82 /* SharedScheduleApp.swift in Sources */,
				C17D0F3C281FBA6C00E83B82 /* ScheduleView.swift in Sources */,
			);
			runOnlyForDeploymentPostprocessing = 0;
		};
		C17D0EDB281FA28000E83B82 /* Sources */ = {
			isa = PBXSourcesBuildPhase;
			buildActionMask = 2147483647;
			files = (
				C17D0EE4281FA28000E83B82 /* SharedScheduleTests.swift in Sources */,
			);
			runOnlyForDeploymentPostprocessing = 0;
		};
		C17D0EE5281FA28000E83B82 /* Sources */ = {
			isa = PBXSourcesBuildPhase;
			buildActionMask = 2147483647;
			files = (
				C17D0EF0281FA28000E83B82 /* SharedScheduleUITestsLaunchTests.swift in Sources */,
				C17D0EEE281FA28000E83B82 /* SharedScheduleUITests.swift in Sources */,
			);
			runOnlyForDeploymentPostprocessing = 0;
		};
/* End PBXSourcesBuildPhase section */

/* Begin PBXTargetDependency section */
		C17D0EE1281FA28000E83B82 /* PBXTargetDependency */ = {
			isa = PBXTargetDependency;
			target = C17D0EC9281FA27C00E83B82 /* SharedSchedule */;
			targetProxy = C17D0EE0281FA28000E83B82 /* PBXContainerItemProxy */;
		};
		C17D0EEB281FA28000E83B82 /* PBXTargetDependency */ = {
			isa = PBXTargetDependency;
			target = C17D0EC9281FA27C00E83B82 /* SharedSchedule */;
			targetProxy = C17D0EEA281FA28000E83B82 /* PBXContainerItemProxy */;
		};
/* End PBXTargetDependency section */

/* Begin XCBuildConfiguration section */
		C17D0EF1281FA28000E83B82 /* Debug */ = {
			isa = XCBuildConfiguration;
			buildSettings = {
				ALWAYS_SEARCH_USER_PATHS = NO;
				CLANG_ANALYZER_NONNULL = YES;
				CLANG_ANALYZER_NUMBER_OBJECT_CONVERSION = YES_AGGRESSIVE;
				CLANG_CXX_LANGUAGE_STANDARD = "gnu++17";
				CLANG_ENABLE_MODULES = YES;
				CLANG_ENABLE_OBJC_ARC = YES;
				CLANG_ENABLE_OBJC_WEAK = YES;
				CLANG_WARN_BLOCK_CAPTURE_AUTORELEASING = YES;
				CLANG_WARN_BOOL_CONVERSION = YES;
				CLANG_WARN_COMMA = YES;
				CLANG_WARN_CONSTANT_CONVERSION = YES;
				CLANG_WARN_DEPRECATED_OBJC_IMPLEMENTATIONS = YES;
				CLANG_WARN_DIRECT_OBJC_ISA_USAGE = YES_ERROR;
				CLANG_WARN_DOCUMENTATION_COMMENTS = YES;
				CLANG_WARN_EMPTY_BODY = YES;
				CLANG_WARN_ENUM_CONVERSION = YES;
				CLANG_WARN_INFINITE_RECURSION = YES;
				CLANG_WARN_INT_CONVERSION = YES;
				CLANG_WARN_NON_LITERAL_NULL_CONVERSION = YES;
				CLANG_WARN_OBJC_IMPLICIT_RETAIN_SELF = YES;
				CLANG_WARN_OBJC_LITERAL_CONVERSION = YES;
				CLANG_WARN_OBJC_ROOT_CLASS = YES_ERROR;
				CLANG_WARN_QUOTED_INCLUDE_IN_FRAMEWORK_HEADER = YES;
				CLANG_WARN_RANGE_LOOP_ANALYSIS = YES;
				CLANG_WARN_STRICT_PROTOTYPES = YES;
				CLANG_WARN_SUSPICIOUS_MOVE = YES;
				CLANG_WARN_UNGUARDED_AVAILABILITY = YES_AGGRESSIVE;
				CLANG_WARN_UNREACHABLE_CODE = YES;
				CLANG_WARN__DUPLICATE_METHOD_MATCH = YES;
				COPY_PHASE_STRIP = NO;
				DEBUG_INFORMATION_FORMAT = dwarf;
				ENABLE_STRICT_OBJC_MSGSEND = YES;
				ENABLE_TESTABILITY = YES;
				GCC_C_LANGUAGE_STANDARD = gnu11;
				GCC_DYNAMIC_NO_PIC = NO;
				GCC_NO_COMMON_BLOCKS = YES;
				GCC_OPTIMIZATION_LEVEL = 0;
				GCC_PREPROCESSOR_DEFINITIONS = (
					"DEBUG=1",
					"$(inherited)",
				);
				GCC_WARN_64_TO_32_BIT_CONVERSION = YES;
				GCC_WARN_ABOUT_RETURN_TYPE = YES_ERROR;
				GCC_WARN_UNDECLARED_SELECTOR = YES;
				GCC_WARN_UNINITIALIZED_AUTOS = YES_AGGRESSIVE;
				GCC_WARN_UNUSED_FUNCTION = YES;
				GCC_WARN_UNUSED_VARIABLE = YES;
				IPHONEOS_DEPLOYMENT_TARGET = 15.4;
				MTL_ENABLE_DEBUG_INFO = INCLUDE_SOURCE;
				MTL_FAST_MATH = YES;
				ONLY_ACTIVE_ARCH = YES;
				SDKROOT = iphoneos;
				SWIFT_ACTIVE_COMPILATION_CONDITIONS = DEBUG;
				SWIFT_OPTIMIZATION_LEVEL = "-Onone";
			};
			name = Debug;
		};
		C17D0EF2281FA28000E83B82 /* Release */ = {
			isa = XCBuildConfiguration;
			buildSettings = {
				ALWAYS_SEARCH_USER_PATHS = NO;
				CLANG_ANALYZER_NONNULL = YES;
				CLANG_ANALYZER_NUMBER_OBJECT_CONVERSION = YES_AGGRESSIVE;
				CLANG_CXX_LANGUAGE_STANDARD = "gnu++17";
				CLANG_ENABLE_MODULES = YES;
				CLANG_ENABLE_OBJC_ARC = YES;
				CLANG_ENABLE_OBJC_WEAK = YES;
				CLANG_WARN_BLOCK_CAPTURE_AUTORELEASING = YES;
				CLANG_WARN_BOOL_CONVERSION = YES;
				CLANG_WARN_COMMA = YES;
				CLANG_WARN_CONSTANT_CONVERSION = YES;
				CLANG_WARN_DEPRECATED_OBJC_IMPLEMENTATIONS = YES;
				CLANG_WARN_DIRECT_OBJC_ISA_USAGE = YES_ERROR;
				CLANG_WARN_DOCUMENTATION_COMMENTS = YES;
				CLANG_WARN_EMPTY_BODY = YES;
				CLANG_WARN_ENUM_CONVERSION = YES;
				CLANG_WARN_INFINITE_RECURSION = YES;
				CLANG_WARN_INT_CONVERSION = YES;
				CLANG_WARN_NON_LITERAL_NULL_CONVERSION = YES;
				CLANG_WARN_OBJC_IMPLICIT_RETAIN_SELF = YES;
				CLANG_WARN_OBJC_LITERAL_CONVERSION = YES;
				CLANG_WARN_OBJC_ROOT_CLASS = YES_ERROR;
				CLANG_WARN_QUOTED_INCLUDE_IN_FRAMEWORK_HEADER = YES;
				CLANG_WARN_RANGE_LOOP_ANALYSIS = YES;
				CLANG_WARN_STRICT_PROTOTYPES = YES;
				CLANG_WARN_SUSPICIOUS_MOVE = YES;
				CLANG_WARN_UNGUARDED_AVAILABILITY = YES_AGGRESSIVE;
				CLANG_WARN_UNREACHABLE_CODE = YES;
				CLANG_WARN__DUPLICATE_METHOD_MATCH = YES;
				COPY_PHASE_STRIP = NO;
				DEBUG_INFORMATION_FORMAT = "dwarf-with-dsym";
				ENABLE_NS_ASSERTIONS = NO;
				ENABLE_STRICT_OBJC_MSGSEND = YES;
				GCC_C_LANGUAGE_STANDARD = gnu11;
				GCC_NO_COMMON_BLOCKS = YES;
				GCC_WARN_64_TO_32_BIT_CONVERSION = YES;
				GCC_WARN_ABOUT_RETURN_TYPE = YES_ERROR;
				GCC_WARN_UNDECLARED_SELECTOR = YES;
				GCC_WARN_UNINITIALIZED_AUTOS = YES_AGGRESSIVE;
				GCC_WARN_UNUSED_FUNCTION = YES;
				GCC_WARN_UNUSED_VARIABLE = YES;
				IPHONEOS_DEPLOYMENT_TARGET = 15.4;
				MTL_ENABLE_DEBUG_INFO = NO;
				MTL_FAST_MATH = YES;
				SDKROOT = iphoneos;
				SWIFT_COMPILATION_MODE = wholemodule;
				SWIFT_OPTIMIZATION_LEVEL = "-O";
				VALIDATE_PRODUCT = YES;
			};
			name = Release;
		};
		C17D0EF4281FA28000E83B82 /* Debug */ = {
			isa = XCBuildConfiguration;
			buildSettings = {
				ASSETCATALOG_COMPILER_APPICON_NAME = AppIcon;
				ASSETCATALOG_COMPILER_GLOBAL_ACCENT_COLOR_NAME = AccentColor;
				CODE_SIGN_STYLE = Automatic;
				CURRENT_PROJECT_VERSION = 1;
				DEVELOPMENT_ASSET_PATHS = "\"SharedSchedule/Preview Content\"";
				DEVELOPMENT_TEAM = 68LU7Q7XD4;
				ENABLE_PREVIEWS = YES;
				GENERATE_INFOPLIST_FILE = YES;
				INFOPLIST_KEY_UIApplicationSceneManifest_Generation = YES;
				INFOPLIST_KEY_UIApplicationSupportsIndirectInputEvents = YES;
				INFOPLIST_KEY_UILaunchScreen_Generation = YES;
				INFOPLIST_KEY_UISupportedInterfaceOrientations_iPad = "UIInterfaceOrientationPortrait UIInterfaceOrientationPortraitUpsideDown UIInterfaceOrientationLandscapeLeft UIInterfaceOrientationLandscapeRight";
				INFOPLIST_KEY_UISupportedInterfaceOrientations_iPhone = "UIInterfaceOrientationPortrait UIInterfaceOrientationLandscapeLeft UIInterfaceOrientationLandscapeRight";
				LD_RUNPATH_SEARCH_PATHS = (
					"$(inherited)",
					"@executable_path/Frameworks",
				);
				MARKETING_VERSION = 1.0;
				PRODUCT_BUNDLE_IDENTIFIER = com.robin.SharedSchedule;
				PRODUCT_NAME = "$(TARGET_NAME)";
				SWIFT_EMIT_LOC_STRINGS = YES;
				SWIFT_VERSION = 5.0;
				TARGETED_DEVICE_FAMILY = "1,2";
			};
			name = Debug;
		};
		C17D0EF5281FA28000E83B82 /* Release */ = {
			isa = XCBuildConfiguration;
			buildSettings = {
				ASSETCATALOG_COMPILER_APPICON_NAME = AppIcon;
				ASSETCATALOG_COMPILER_GLOBAL_ACCENT_COLOR_NAME = AccentColor;
				CODE_SIGN_STYLE = Automatic;
				CURRENT_PROJECT_VERSION = 1;
				DEVELOPMENT_ASSET_PATHS = "\"SharedSchedule/Preview Content\"";
				DEVELOPMENT_TEAM = 68LU7Q7XD4;
				ENABLE_PREVIEWS = YES;
				GENERATE_INFOPLIST_FILE = YES;
				INFOPLIST_KEY_UIApplicationSceneManifest_Generation = YES;
				INFOPLIST_KEY_UIApplicationSupportsIndirectInputEvents = YES;
				INFOPLIST_KEY_UILaunchScreen_Generation = YES;
				INFOPLIST_KEY_UISupportedInterfaceOrientations_iPad = "UIInterfaceOrientationPortrait UIInterfaceOrientationPortraitUpsideDown UIInterfaceOrientationLandscapeLeft UIInterfaceOrientationLandscapeRight";
				INFOPLIST_KEY_UISupportedInterfaceOrientations_iPhone = "UIInterfaceOrientationPortrait UIInterfaceOrientationLandscapeLeft UIInterfaceOrientationLandscapeRight";
				LD_RUNPATH_SEARCH_PATHS = (
					"$(inherited)",
					"@executable_path/Frameworks",
				);
				MARKETING_VERSION = 1.0;
				PRODUCT_BUNDLE_IDENTIFIER = com.robin.SharedSchedule;
				PRODUCT_NAME = "$(TARGET_NAME)";
				SWIFT_EMIT_LOC_STRINGS = YES;
				SWIFT_VERSION = 5.0;
				TARGETED_DEVICE_FAMILY = "1,2";
			};
			name = Release;
		};
		C17D0EF7281FA28000E83B82 /* Debug */ = {
			isa = XCBuildConfiguration;
			buildSettings = {
				ALWAYS_EMBED_SWIFT_STANDARD_LIBRARIES = YES;
				BUNDLE_LOADER = "$(TEST_HOST)";
				CODE_SIGN_STYLE = Automatic;
				CURRENT_PROJECT_VERSION = 1;
				GENERATE_INFOPLIST_FILE = YES;
				IPHONEOS_DEPLOYMENT_TARGET = 15.4;
				MARKETING_VERSION = 1.0;
				PRODUCT_BUNDLE_IDENTIFIER = com.robin.SharedScheduleTests;
				PRODUCT_NAME = "$(TARGET_NAME)";
				SWIFT_EMIT_LOC_STRINGS = NO;
				SWIFT_VERSION = 5.0;
				TARGETED_DEVICE_FAMILY = "1,2";
				TEST_HOST = "$(BUILT_PRODUCTS_DIR)/SharedSchedule.app/SharedSchedule";
			};
			name = Debug;
		};
		C17D0EF8281FA28000E83B82 /* Release */ = {
			isa = XCBuildConfiguration;
			buildSettings = {
				ALWAYS_EMBED_SWIFT_STANDARD_LIBRARIES = YES;
				BUNDLE_LOADER = "$(TEST_HOST)";
				CODE_SIGN_STYLE = Automatic;
				CURRENT_PROJECT_VERSION = 1;
				GENERATE_INFOPLIST_FILE = YES;
				IPHONEOS_DEPLOYMENT_TARGET = 15.4;
				MARKETING_VERSION = 1.0;
				PRODUCT_BUNDLE_IDENTIFIER = com.robin.SharedScheduleTests;
				PRODUCT_NAME = "$(TARGET_NAME)";
				SWIFT_EMIT_LOC_STRINGS = NO;
				SWIFT_VERSION = 5.0;
				TARGETED_DEVICE_FAMILY = "1,2";
				TEST_HOST = "$(BUILT_PRODUCTS_DIR)/SharedSchedule.app/SharedSchedule";
			};
			name = Release;
		};
		C17D0EFA281FA28000E83B82 /* Debug */ = {
			isa = XCBuildConfiguration;
			buildSettings = {
				ALWAYS_EMBED_SWIFT_STANDARD_LIBRARIES = YES;
				CODE_SIGN_STYLE = Automatic;
				CURRENT_PROJECT_VERSION = 1;
				GENERATE_INFOPLIST_FILE = YES;
				MARKETING_VERSION = 1.0;
				PRODUCT_BUNDLE_IDENTIFIER = com.robin.SharedScheduleUITests;
				PRODUCT_NAME = "$(TARGET_NAME)";
				SWIFT_EMIT_LOC_STRINGS = NO;
				SWIFT_VERSION = 5.0;
				TARGETED_DEVICE_FAMILY = "1,2";
				TEST_TARGET_NAME = SharedSchedule;
			};
			name = Debug;
		};
		C17D0EFB281FA28000E83B82 /* Release */ = {
			isa = XCBuildConfiguration;
			buildSettings = {
				ALWAYS_EMBED_SWIFT_STANDARD_LIBRARIES = YES;
				CODE_SIGN_STYLE = Automatic;
				CURRENT_PROJECT_VERSION = 1;
				GENERATE_INFOPLIST_FILE = YES;
				MARKETING_VERSION = 1.0;
				PRODUCT_BUNDLE_IDENTIFIER = com.robin.SharedScheduleUITests;
				PRODUCT_NAME = "$(TARGET_NAME)";
				SWIFT_EMIT_LOC_STRINGS = NO;
				SWIFT_VERSION = 5.0;
				TARGETED_DEVICE_FAMILY = "1,2";
				TEST_TARGET_NAME = SharedSchedule;
			};
			name = Release;
		};
/* End XCBuildConfiguration section */

/* Begin XCConfigurationList section */
		C17D0EC5281FA27C00E83B82 /* Build configuration list for PBXProject "SharedSchedule" */ = {
			isa = XCConfigurationList;
			buildConfigurations = (
				C17D0EF1281FA28000E83B82 /* Debug */,
				C17D0EF2281FA28000E83B82 /* Release */,
			);
			defaultConfigurationIsVisible = 0;
			defaultConfigurationName = Release;
		};
		C17D0EF3281FA28000E83B82 /* Build configuration list for PBXNativeTarget "SharedSchedule" */ = {
			isa = XCConfigurationList;
			buildConfigurations = (
				C17D0EF4281FA28000E83B82 /* Debug */,
				C17D0EF5281FA28000E83B82 /* Release */,
			);
			defaultConfigurationIsVisible = 0;
			defaultConfigurationName = Release;
		};
		C17D0EF6281FA28000E83B82 /* Build configuration list for PBXNativeTarget "SharedScheduleTests" */ = {
			isa = XCConfigurationList;
			buildConfigurations = (
				C17D0EF7281FA28000E83B82 /* Debug */,
				C17D0EF8281FA28000E83B82 /* Release */,
			);
			defaultConfigurationIsVisible = 0;
			defaultConfigurationName = Release;
		};
		C17D0EF9281FA28000E83B82 /* Build configuration list for PBXNativeTarget "SharedScheduleUITests" */ = {
			isa = XCConfigurationList;
			buildConfigurations = (
				C17D0EFA281FA28000E83B82 /* Debug */,
				C17D0EFB281FA28000E83B82 /* Release */,
			);
			defaultConfigurationIsVisible = 0;
			defaultConfigurationName = Release;
		};
/* End XCConfigurationList section */
	};
	rootObject = C17D0EC2281FA27C00E83B82 /* Project object */;
}
